
Microsoft Visual Studio Solution File, Format Version 10.00
# Visual C++ Express 2008
Project("{8BC9CEB8-8B4A-11D0-8D11-00A0C91BC942}") = "eZ430_ChronosCC", "BM_Comm\BM_Comm.vcproj", "{E8FAC0BC-E995-4AC0-9A91-82099CD2D05B}"
EndProject
Global
	GlobalSection(SolutionConfigurationPlatforms) = preSolution
		Debug|Win32 = Debug|Win32
	EndGlobalSection
	GlobalSection(ProjectConfigurationPlatforms) = postSolution
		{E8FAC0BC-E995-4AC0-9A91-82099CD2D05B}.Debug|Win32.ActiveCfg = Debug|Win32
		{E8FAC0BC-E995-4AC0-9A91-82099CD2D05B}.Debug|Win32.Build.0 = Debug|Win32
	EndGlobalSection
	GlobalSection(SolutionProperties) = preSolution
		HideSolutionNode = FALSE
	EndGlobalSection
EndGlobal
